{
  "name": "polina-kliuchnikova-portfolio",
  "version": "2.0.0",
  "lockfileVersion": 3,
  "requires": true,
  "packages": {
    "": {
      "name": "polina-kliuchnikova-portfolio",
      "version": "2.0.0",
      "license": "GPL-3.0",
      "engines": {
        "node": ">=18"
      }
    }
  }
}
